
Microsoft Visual Studio Solution File, Format Version 12.00
# Visual Studio Version 16
VisualStudioVersion = 16.0.31829.152
MinimumVisualStudioVersion = 10.0.40219.1
Project("{FAE04EC0-301F-11D3-BF4B-00C04F79EFBC}") = "ImageBlurring", "ImageBlurring.csproj", "{EBE59453-4854-4066-B0E7-1B3CD9E3C772}"
EndProject
Global
	GlobalSection(SolutionConfigurationPlatforms) = preSolution
		Debug|Any CPU = Debug|Any CPU
		Release|Any CPU = Release|Any CPU
	EndGlobalSection
	GlobalSection(ProjectConfigurationPlatforms) = postSolution
		{EBE59453-4854-4066-B0E7-1B3CD9E3C772}.Debug|Any CPU.ActiveCfg = Debug|Any CPU
		{EBE59453-4854-4066-B0E7-1B3CD9E3C772}.Debug|Any CPU.Build.0 = Debug|Any CPU
		{EBE59453-4854-4066-B0E7-1B3CD9E3C772}.Release|Any CPU.ActiveCfg = Release|Any CPU
		{EBE59453-4854-4066-B0E7-1B3CD9E3C772}.Release|Any CPU.Build.0 = Release|Any CPU
	EndGlobalSection
	GlobalSection(SolutionProperties) = preSolution
		HideSolutionNode = FALSE
	EndGlobalSection
	GlobalSection(ExtensibilityGlobals) = postSolution
		SolutionGuid = {30375682-2BA7-43CB-9E5A-FCA0429DF51A}
	EndGlobalSection
EndGlobal
